
Microsoft Visual Studio Solution File, Format Version 12.00
# Visual Studio Version 17
VisualStudioVersion = 17.4.33213.308
MinimumVisualStudioVersion = 10.0.40219.1
Project("{2150E333-8FDC-42A3-9474-1A3956D46DE8}") = "Solution Items", "Solution Items", "{34FCFC2F-A9EA-4B42-A4C2-137468EC6743}"
	ProjectSection(SolutionItems) = preProject
		.editorconfig = .editorconfig
	EndProjectSection
EndProject
Project("{9A19103F-16F7-4668-BE54-9A1E7A4F7556}") = "TaskTideAPI", "TaskTideAPI\TaskTideAPI.csproj", "{394E6ED5-20E7-46F9-BF34-392A7FFF46D1}"
EndProject
Project("{9A19103F-16F7-4668-BE54-9A1E7A4F7556}") = "TaskTideTests", "TaskTideTests\TaskTideTests.csproj", "{BE78B62B-4A0F-4B01-B67D-4553EDD3A34A}"
EndProject
Project("{54A90642-561A-4BB1-A94E-469ADEE60C69}") = "TaskTideWebFrontend", "TaskTideWebFrontend\TaskTideWebFrontend.esproj", "{1E8A9177-3765-4870-B747-12031303F1A4}"
EndProject
Global
	GlobalSection(SolutionConfigurationPlatforms) = preSolution
		Debug|Any CPU = Debug|Any CPU
		Release|Any CPU = Release|Any CPU
	EndGlobalSection
	GlobalSection(ProjectConfigurationPlatforms) = postSolution
		{394E6ED5-20E7-46F9-BF34-392A7FFF46D1}.Debug|Any CPU.ActiveCfg = Debug|Any CPU
		{394E6ED5-20E7-46F9-BF34-392A7FFF46D1}.Debug|Any CPU.Build.0 = Debug|Any CPU
		{394E6ED5-20E7-46F9-BF34-392A7FFF46D1}.Release|Any CPU.ActiveCfg = Release|Any CPU
		{394E6ED5-20E7-46F9-BF34-392A7FFF46D1}.Release|Any CPU.Build.0 = Release|Any CPU
		{BE78B62B-4A0F-4B01-B67D-4553EDD3A34A}.Debug|Any CPU.ActiveCfg = Debug|Any CPU
		{BE78B62B-4A0F-4B01-B67D-4553EDD3A34A}.Debug|Any CPU.Build.0 = Debug|Any CPU
		{BE78B62B-4A0F-4B01-B67D-4553EDD3A34A}.Release|Any CPU.ActiveCfg = Release|Any CPU
		{BE78B62B-4A0F-4B01-B67D-4553EDD3A34A}.Release|Any CPU.Build.0 = Release|Any CPU
		{1E8A9177-3765-4870-B747-12031303F1A4}.Debug|Any CPU.ActiveCfg = Debug|Any CPU
		{1E8A9177-3765-4870-B747-12031303F1A4}.Debug|Any CPU.Build.0 = Debug|Any CPU
		{1E8A9177-3765-4870-B747-12031303F1A4}.Debug|Any CPU.Deploy.0 = Debug|Any CPU
		{1E8A9177-3765-4870-B747-12031303F1A4}.Release|Any CPU.ActiveCfg = Release|Any CPU
		{1E8A9177-3765-4870-B747-12031303F1A4}.Release|Any CPU.Build.0 = Release|Any CPU
		{1E8A9177-3765-4870-B747-12031303F1A4}.Release|Any CPU.Deploy.0 = Release|Any CPU
	EndGlobalSection
	GlobalSection(SolutionProperties) = preSolution
		HideSolutionNode = FALSE
	EndGlobalSection
	GlobalSection(ExtensibilityGlobals) = postSolution
		SolutionGuid = {46542FC6-7E82-4FED-BDD7-8F0B7BE49DBD}
	EndGlobalSection
EndGlobal
